
Microsoft Visual Studio Solution File, Format Version 9.00
# Visual Studio 2005
Project("{8BC9CEB8-8B4A-11D0-8D11-00A0C91BC942}") = "create_keys_test", "create_keys_test.vcproj", "{814C9BC3-DA56-4981-8E8D-0A2980ED4A9D}"
EndProject
Global
	GlobalSection(SolutionConfigurationPlatforms) = preSolution
		Debug|Win32 = Debug|Win32
		Release|Win32 = Release|Win32
	EndGlobalSection
	GlobalSection(ProjectConfigurationPlatforms) = postSolution
		{814C9BC3-DA56-4981-8E8D-0A2980ED4A9D}.Debug|Win32.ActiveCfg = Debug|Win32
		{814C9BC3-DA56-4981-8E8D-0A2980ED4A9D}.Debug|Win32.Build.0 = Debug|Win32
		{814C9BC3-DA56-4981-8E8D-0A2980ED4A9D}.Release|Win32.ActiveCfg = Release|Win32
		{814C9BC3-DA56-4981-8E8D-0A2980ED4A9D}.Release|Win32.Build.0 = Release|Win32
	EndGlobalSection
	GlobalSection(SolutionProperties) = preSolution
		HideSolutionNode = FALSE
	EndGlobalSection
EndGlobal
